
Microsoft Visual Studio Solution File, Format Version 12.00
# Visual Studio Version 16
VisualStudioVersion = 16.0.31321.278
MinimumVisualStudioVersion = 10.0.40219.1
Project("{9A19103F-16F7-4668-BE54-9A1E7A4F7556}") = "creational", "creational.csproj", "{5F93DD2A-9D3A-4D32-A270-B5241D2998FF}"
EndProject
Global
	GlobalSection(SolutionConfigurationPlatforms) = preSolution
		Debug|Any CPU = Debug|Any CPU
		Release|Any CPU = Release|Any CPU
	EndGlobalSection
	GlobalSection(ProjectConfigurationPlatforms) = postSolution
		{5F93DD2A-9D3A-4D32-A270-B5241D2998FF}.Debug|Any CPU.ActiveCfg = Debug|Any CPU
		{5F93DD2A-9D3A-4D32-A270-B5241D2998FF}.Debug|Any CPU.Build.0 = Debug|Any CPU
		{5F93DD2A-9D3A-4D32-A270-B5241D2998FF}.Release|Any CPU.ActiveCfg = Release|Any CPU
		{5F93DD2A-9D3A-4D32-A270-B5241D2998FF}.Release|Any CPU.Build.0 = Release|Any CPU
	EndGlobalSection
	GlobalSection(SolutionProperties) = preSolution
		HideSolutionNode = FALSE
	EndGlobalSection
	GlobalSection(ExtensibilityGlobals) = postSolution
		SolutionGuid = {73FCE496-2A67-41CD-9095-04ED68113103}
	EndGlobalSection
EndGlobal
